{
  "version": "5",
  "specifiers": {
    "npm:@skeletonlabs/skeleton-svelte@^1.5.1": "1.5.1_svelte@5.38.2__acorn@8.15.0",
    "npm:@skeletonlabs/skeleton@^3.0.0-next.13": "3.2.0_tailwindcss@4.1.12",
    "npm:@sveltejs/adapter-auto@6": "6.1.0_@sveltejs+kit@2.36.1__@sveltejs+vite-plugin-svelte@6.1.3___svelte@5.38.2____acorn@8.15.0___vite@7.1.3____picomatch@4.0.3__svelte@5.38.2___acorn@8.15.0__vite@7.1.3___picomatch@4.0.3__acorn@8.15.0_@sveltejs+vite-plugin-svelte@6.1.3__svelte@5.38.2___acorn@8.15.0__vite@7.1.3___picomatch@4.0.3_svelte@5.38.2__acorn@8.15.0_vite@7.1.3__picomatch@4.0.3",
    "npm:@sveltejs/kit@^2.22.0": "2.36.1_@sveltejs+vite-plugin-svelte@6.1.3__svelte@5.38.2___acorn@8.15.0__vite@7.1.3___picomatch@4.0.3_svelte@5.38.2__acorn@8.15.0_vite@7.1.3__picomatch@4.0.3_acorn@8.15.0",
    "npm:@sveltejs/vite-plugin-svelte@6": "6.1.3_svelte@5.38.2__acorn@8.15.0_vite@7.1.3__picomatch@4.0.3",
    "npm:@tailwindcss/forms@~0.5.10": "0.5.10_tailwindcss@4.1.12",
    "npm:@tailwindcss/vite@^4.1.12": "4.1.12_vite@7.1.3__picomatch@4.0.3",
    "npm:autoprefixer@^10.4.21": "10.4.21_postcss@8.5.6",
    "npm:jose@^6.1.0": "6.1.0",
    "npm:postcss@^8.5.6": "8.5.6",
    "npm:svelte@5": "5.38.2_acorn@8.15.0",
    "npm:tailwindcss@^4.1.12": "4.1.12",
    "npm:vite@^7.0.4": "7.1.3_picomatch@4.0.3"
  },
  "npm": {
    "@emnapi/core@1.4.5": {
      "integrity": "sha512-XsLw1dEOpkSX/WucdqUhPWP7hDxSvZiY+fsUC14h+FtQ2Ifni4znbBt8punRX+Uj2JG/uDb8nEHVKvrVlvdZ5Q==",
      "dependencies": [
        "@emnapi/wasi-threads",
        "tslib"
      ]
    },
    "@emnapi/runtime@1.4.5": {
      "integrity": "sha512-++LApOtY0pEEz1zrd9vy1/zXVaVJJ/EbAF3u0fXIzPJEDtnITsBGbbK0EkM72amhl/R5b+5xx0Y/QhcVOpuulg==",
      "dependencies": [
        "tslib"
      ]
    },
    "@emnapi/wasi-threads@1.0.4": {
      "integrity": "sha512-PJR+bOmMOPH8AtcTGAyYNiuJ3/Fcoj2XN/gBEWzDIKh254XO+mM9XoXHk5GNEhodxeMznbg7BlRojVbKN+gC6g==",
      "dependencies": [
        "tslib"
      ]
    },
    "@esbuild/aix-ppc64@0.25.9": {
      "integrity": "sha512-OaGtL73Jck6pBKjNIe24BnFE6agGl+6KxDtTfHhy1HmhthfKouEcOhqpSL64K4/0WCtbKFLOdzD/44cJ4k9opA==",
      "os": ["aix"],
      "cpu": ["ppc64"]
    },
    "@esbuild/android-arm64@0.25.9": {
      "integrity": "sha512-IDrddSmpSv51ftWslJMvl3Q2ZT98fUSL2/rlUXuVqRXHCs5EUF1/f+jbjF5+NG9UffUDMCiTyh8iec7u8RlTLg==",
      "os": ["android"],
      "cpu": ["arm64"]
    },
    "@esbuild/android-arm@0.25.9": {
      "integrity": "sha512-5WNI1DaMtxQ7t7B6xa572XMXpHAaI/9Hnhk8lcxF4zVN4xstUgTlvuGDorBguKEnZO70qwEcLpfifMLoxiPqHQ==",
      "os": ["android"],
      "cpu": ["arm"]
    },
    "@esbuild/android-x64@0.25.9": {
      "integrity": "sha512-I853iMZ1hWZdNllhVZKm34f4wErd4lMyeV7BLzEExGEIZYsOzqDWDf+y082izYUE8gtJnYHdeDpN/6tUdwvfiw==",
      "os": ["android"],
      "cpu": ["x64"]
    },
    "@esbuild/darwin-arm64@0.25.9": {
      "integrity": "sha512-XIpIDMAjOELi/9PB30vEbVMs3GV1v2zkkPnuyRRURbhqjyzIINwj+nbQATh4H9GxUgH1kFsEyQMxwiLFKUS6Rg==",
      "os": ["darwin"],
      "cpu": ["arm64"]
    },
    "@esbuild/darwin-x64@0.25.9": {
      "integrity": "sha512-jhHfBzjYTA1IQu8VyrjCX4ApJDnH+ez+IYVEoJHeqJm9VhG9Dh2BYaJritkYK3vMaXrf7Ogr/0MQ8/MeIefsPQ==",
      "os": ["darwin"],
      "cpu": ["x64"]
    },
    "@esbuild/freebsd-arm64@0.25.9": {
      "integrity": "sha512-z93DmbnY6fX9+KdD4Ue/H6sYs+bhFQJNCPZsi4XWJoYblUqT06MQUdBCpcSfuiN72AbqeBFu5LVQTjfXDE2A6Q==",
      "os": ["freebsd"],
      "cpu": ["arm64"]
    },
    "@esbuild/freebsd-x64@0.25.9": {
      "integrity": "sha512-mrKX6H/vOyo5v71YfXWJxLVxgy1kyt1MQaD8wZJgJfG4gq4DpQGpgTB74e5yBeQdyMTbgxp0YtNj7NuHN0PoZg==",
      "os": ["freebsd"],
      "cpu": ["x64"]
    },
    "@esbuild/linux-arm64@0.25.9": {
      "integrity": "sha512-BlB7bIcLT3G26urh5Dmse7fiLmLXnRlopw4s8DalgZ8ef79Jj4aUcYbk90g8iCa2467HX8SAIidbL7gsqXHdRw==",
      "os": ["linux"],
      "cpu": ["arm64"]
    },
    "@esbuild/linux-arm@0.25.9": {
      "integrity": "sha512-HBU2Xv78SMgaydBmdor38lg8YDnFKSARg1Q6AT0/y2ezUAKiZvc211RDFHlEZRFNRVhcMamiToo7bDx3VEOYQw==",
      "os": ["linux"],
      "cpu": ["arm"]
    },
    "@esbuild/linux-ia32@0.25.9": {
      "integrity": "sha512-e7S3MOJPZGp2QW6AK6+Ly81rC7oOSerQ+P8L0ta4FhVi+/j/v2yZzx5CqqDaWjtPFfYz21Vi1S0auHrap3Ma3A==",
      "os": ["linux"],
      "cpu": ["ia32"]
    },
    "@esbuild/linux-loong64@0.25.9": {
      "integrity": "sha512-Sbe10Bnn0oUAB2AalYztvGcK+o6YFFA/9829PhOCUS9vkJElXGdphz0A3DbMdP8gmKkqPmPcMJmJOrI3VYB1JQ==",
      "os": ["linux"],
      "cpu": ["loong64"]
    },
    "@esbuild/linux-mips64el@0.25.9": {
      "integrity": "sha512-YcM5br0mVyZw2jcQeLIkhWtKPeVfAerES5PvOzaDxVtIyZ2NUBZKNLjC5z3/fUlDgT6w89VsxP2qzNipOaaDyA==",
      "os": ["linux"],
      "cpu": ["mips64el"]
    },
    "@esbuild/linux-ppc64@0.25.9": {
      "integrity": "sha512-++0HQvasdo20JytyDpFvQtNrEsAgNG2CY1CLMwGXfFTKGBGQT3bOeLSYE2l1fYdvML5KUuwn9Z8L1EWe2tzs1w==",
      "os": ["linux"],
      "cpu": ["ppc64"]
    },
    "@esbuild/linux-riscv64@0.25.9": {
      "integrity": "sha512-uNIBa279Y3fkjV+2cUjx36xkx7eSjb8IvnL01eXUKXez/CBHNRw5ekCGMPM0BcmqBxBcdgUWuUXmVWwm4CH9kg==",
      "os": ["linux"],
      "cpu": ["riscv64"]
    },
    "@esbuild/linux-s390x@0.25.9": {
      "integrity": "sha512-Mfiphvp3MjC/lctb+7D287Xw1DGzqJPb/J2aHHcHxflUo+8tmN/6d4k6I2yFR7BVo5/g7x2Monq4+Yew0EHRIA==",
      "os": ["linux"],
      "cpu": ["s390x"]
    },
    "@esbuild/linux-x64@0.25.9": {
      "integrity": "sha512-iSwByxzRe48YVkmpbgoxVzn76BXjlYFXC7NvLYq+b+kDjyyk30J0JY47DIn8z1MO3K0oSl9fZoRmZPQI4Hklzg==",
      "os": ["linux"],
      "cpu": ["x64"]
    },
    "@esbuild/netbsd-arm64@0.25.9": {
      "integrity": "sha512-9jNJl6FqaUG+COdQMjSCGW4QiMHH88xWbvZ+kRVblZsWrkXlABuGdFJ1E9L7HK+T0Yqd4akKNa/lO0+jDxQD4Q==",
      "os": ["netbsd"],
      "cpu": ["arm64"]
    },
    "@esbuild/netbsd-x64@0.25.9": {
      "integrity": "sha512-RLLdkflmqRG8KanPGOU7Rpg829ZHu8nFy5Pqdi9U01VYtG9Y0zOG6Vr2z4/S+/3zIyOxiK6cCeYNWOFR9QP87g==",
      "os": ["netbsd"],
      "cpu": ["x64"]
    },
    "@esbuild/openbsd-arm64@0.25.9": {
      "integrity": "sha512-YaFBlPGeDasft5IIM+CQAhJAqS3St3nJzDEgsgFixcfZeyGPCd6eJBWzke5piZuZ7CtL656eOSYKk4Ls2C0FRQ==",
      "os": ["openbsd"],
      "cpu": ["arm64"]
    },
    "@esbuild/openbsd-x64@0.25.9": {
      "integrity": "sha512-1MkgTCuvMGWuqVtAvkpkXFmtL8XhWy+j4jaSO2wxfJtilVCi0ZE37b8uOdMItIHz4I6z1bWWtEX4CJwcKYLcuA==",
      "os": ["openbsd"],
      "cpu": ["x64"]
    },
    "@esbuild/openharmony-arm64@0.25.9": {
      "integrity": "sha512-4Xd0xNiMVXKh6Fa7HEJQbrpP3m3DDn43jKxMjxLLRjWnRsfxjORYJlXPO4JNcXtOyfajXorRKY9NkOpTHptErg==",
      "os": ["openharmony"],
      "cpu": ["arm64"]
    },
    "@esbuild/sunos-x64@0.25.9": {
      "integrity": "sha512-WjH4s6hzo00nNezhp3wFIAfmGZ8U7KtrJNlFMRKxiI9mxEK1scOMAaa9i4crUtu+tBr+0IN6JCuAcSBJZfnphw==",
      "os": ["sunos"],
      "cpu": ["x64"]
    },
    "@esbuild/win32-arm64@0.25.9": {
      "integrity": "sha512-mGFrVJHmZiRqmP8xFOc6b84/7xa5y5YvR1x8djzXpJBSv/UsNK6aqec+6JDjConTgvvQefdGhFDAs2DLAds6gQ==",
      "os": ["win32"],
      "cpu": ["arm64"]
    },
    "@esbuild/win32-ia32@0.25.9": {
      "integrity": "sha512-b33gLVU2k11nVx1OhX3C8QQP6UHQK4ZtN56oFWvVXvz2VkDoe6fbG8TOgHFxEvqeqohmRnIHe5A1+HADk4OQww==",
      "os": ["win32"],
      "cpu": ["ia32"]
    },
    "@esbuild/win32-x64@0.25.9": {
      "integrity": "sha512-PPOl1mi6lpLNQxnGoyAfschAodRFYXJ+9fs6WHXz7CSWKbOqiMZsubC+BQsVKuul+3vKLuwTHsS2c2y9EoKwxQ==",
      "os": ["win32"],
      "cpu": ["x64"]
    },
    "@floating-ui/core@1.7.3": {
      "integrity": "sha512-sGnvb5dmrJaKEZ+LDIpguvdX3bDlEllmv4/ClQ9awcmCZrlx5jQyyMWFM5kBI+EyNOCDDiKk8il0zeuX3Zlg/w==",
      "dependencies": [
        "@floating-ui/utils"
      ]
    },
    "@floating-ui/dom@1.7.4": {
      "integrity": "sha512-OOchDgh4F2CchOX94cRVqhvy7b3AFb+/rQXyswmzmGakRfkMgoWVjfnLWkRirfLEfuD4ysVW16eXzwt3jHIzKA==",
      "dependencies": [
        "@floating-ui/core",
        "@floating-ui/utils"
      ]
    },
    "@floating-ui/utils@0.2.10": {
      "integrity": "sha512-aGTxbpbg8/b5JfU1HXSrbH3wXZuLPJcNEcZQFMxLs3oSzgtVu6nFPkbbGGUvBcUjKV2YyB9Wxxabo+HEH9tcRQ=="
    },
    "@isaacs/fs-minipass@4.0.1": {
      "integrity": "sha512-wgm9Ehl2jpeqP3zw/7mo3kRHFp5MEDhqAdwy1fTGkHAwnkGOVsgpvQhL8B5n1qlb01jV3n/bI0ZfZp5lWA1k4w==",
      "dependencies": [
        "minipass"
      ]
    },
    "@jridgewell/gen-mapping@0.3.13": {
      "integrity": "sha512-2kkt/7niJ6MgEPxF0bYdQ6etZaA+fQvDcLKckhy1yIQOzaoKjBBjSj63/aLVjYE3qhRt5dvM+uUyfCg6UKCBbA==",
      "dependencies": [
        "@jridgewell/sourcemap-codec",
        "@jridgewell/trace-mapping"
      ]
    },
    "@jridgewell/remapping@2.3.5": {
      "integrity": "sha512-LI9u/+laYG4Ds1TDKSJW2YPrIlcVYOwi2fUC6xB43lueCjgxV4lffOCZCtYFiH6TNOX+tQKXx97T4IKHbhyHEQ==",
      "dependencies": [
        "@jridgewell/gen-mapping",
        "@jridgewell/trace-mapping"
      ]
    },
    "@jridgewell/resolve-uri@3.1.2": {
      "integrity": "sha512-bRISgCIjP20/tbWSPWMEi54QVPRZExkuD9lJL+UIxUKtwVJA8wW1Trb1jMs1RFXo1CBTNZ/5hpC9QvmKWdopKw=="
    },
    "@jridgewell/sourcemap-codec@1.5.5": {
      "integrity": "sha512-cYQ9310grqxueWbl+WuIUIaiUaDcj7WOq5fVhEljNVgRfOUhY9fy2zTvfoqWsnebh8Sl70VScFbICvJnLKB0Og=="
    },
    "@jridgewell/trace-mapping@0.3.30": {
      "integrity": "sha512-GQ7Nw5G2lTu/BtHTKfXhKHok2WGetd4XYcVKGx00SjAk8GMwgJM3zr6zORiPGuOE+/vkc90KtTosSSvaCjKb2Q==",
      "dependencies": [
        "@jridgewell/resolve-uri",
        "@jridgewell/sourcemap-codec"
      ]
    },
    "@napi-rs/wasm-runtime@0.2.12": {
      "integrity": "sha512-ZVWUcfwY4E/yPitQJl481FjFo3K22D6qF0DuFH6Y/nbnE11GY5uguDxZMGXPQ8WQ0128MXQD7TnfHyK4oWoIJQ==",
      "dependencies": [
        "@emnapi/core",
        "@emnapi/runtime",
        "@tybys/wasm-util"
      ]
    },
    "@polka/url@1.0.0-next.29": {
      "integrity": "sha512-wwQAWhWSuHaag8c4q/KN/vCoeOJYshAIvMQwD4GpSb3OiZklFfvAgmj0VCBBImRpuF/aFgIRzllXlVX93Jevww=="
    },
    "@rollup/rollup-android-arm-eabi@4.48.0": {
      "integrity": "sha512-aVzKH922ogVAWkKiyKXorjYymz2084zrhrZRXtLrA5eEx5SO8Dj0c/4FpCHZyn7MKzhW2pW4tK28vVr+5oQ2xw==",
      "os": ["android"],
      "cpu": ["arm"]
    },
    "@rollup/rollup-android-arm64@4.48.0": {
      "integrity": "sha512-diOdQuw43xTa1RddAFbhIA8toirSzFMcnIg8kvlzRbK26xqEnKJ/vqQnghTAajy2Dcy42v+GMPMo6jq67od+Dw==",
      "os": ["android"],
      "cpu": ["arm64"]
    },
    "@rollup/rollup-darwin-arm64@4.48.0": {
      "integrity": "sha512-QhR2KA18fPlJWFefySJPDYZELaVqIUVnYgAOdtJ+B/uH96CFg2l1TQpX19XpUMWUqMyIiyY45wje8K6F4w4/CA==",
      "os": ["darwin"],
      "cpu": ["arm64"]
    },
    "@rollup/rollup-darwin-x64@4.48.0": {
      "integrity": "sha512-Q9RMXnQVJ5S1SYpNSTwXDpoQLgJ/fbInWOyjbCnnqTElEyeNvLAB3QvG5xmMQMhFN74bB5ZZJYkKaFPcOG8sGg==",
      "os": ["darwin"],
      "cpu": ["x64"]
    },
    "@rollup/rollup-freebsd-arm64@4.48.0": {
      "integrity": "sha512-3jzOhHWM8O8PSfyft+ghXZfBkZawQA0PUGtadKYxFqpcYlOYjTi06WsnYBsbMHLawr+4uWirLlbhcYLHDXR16w==",
      "os": ["freebsd"],
      "cpu": ["arm64"]
    },
    "@rollup/rollup-freebsd-x64@4.48.0": {
      "integrity": "sha512-NcD5uVUmE73C/TPJqf78hInZmiSBsDpz3iD5MF/BuB+qzm4ooF2S1HfeTChj5K4AV3y19FFPgxonsxiEpy8v/A==",
      "os": ["freebsd"],
      "cpu": ["x64"]
    },
    "@rollup/rollup-linux-arm-gnueabihf@4.48.0": {
      "integrity": "sha512-JWnrj8qZgLWRNHr7NbpdnrQ8kcg09EBBq8jVOjmtlB3c8C6IrynAJSMhMVGME4YfTJzIkJqvSUSVJRqkDnu/aA==",
      "os": ["linux"],
      "cpu": ["arm"]
    },
    "@rollup/rollup-linux-arm-musleabihf@4.48.0": {
      "integrity": "sha512-9xu92F0TxuMH0tD6tG3+GtngwdgSf8Bnz+YcsPG91/r5Vgh5LNofO48jV55priA95p3c92FLmPM7CvsVlnSbGQ==",
      "os": ["linux"],
      "cpu": ["arm"]
    },
    "@rollup/rollup-linux-arm64-gnu@4.48.0": {
      "integrity": "sha512-NLtvJB5YpWn7jlp1rJiY0s+G1Z1IVmkDuiywiqUhh96MIraC0n7XQc2SZ1CZz14shqkM+XN2UrfIo7JB6UufOA==",
      "os": ["linux"],
      "cpu": ["arm64"]
    },
    "@rollup/rollup-linux-arm64-musl@4.48.0": {
      "integrity": "sha512-QJ4hCOnz2SXgCh+HmpvZkM+0NSGcZACyYS8DGbWn2PbmA0e5xUk4bIP8eqJyNXLtyB4gZ3/XyvKtQ1IFH671vQ==",
      "os": ["linux"],
      "cpu": ["arm64"]
    },
    "@rollup/rollup-linux-loongarch64-gnu@4.48.0": {
      "integrity": "sha512-Pk0qlGJnhILdIC5zSKQnprFjrGmjfDM7TPZ0FKJxRkoo+kgMRAg4ps1VlTZf8u2vohSicLg7NP+cA5qE96PaFg==",
      "os": ["linux"],
      "cpu": ["loong64"]
    },
    "@rollup/rollup-linux-ppc64-gnu@4.48.0": {
      "integrity": "sha512-/dNFc6rTpoOzgp5GKoYjT6uLo8okR/Chi2ECOmCZiS4oqh3mc95pThWma7Bgyk6/WTEvjDINpiBCuecPLOgBLQ==",
      "os": ["linux"],
      "cpu": ["ppc64"]
    },
    "@rollup/rollup-linux-riscv64-gnu@4.48.0": {
      "integrity": "sha512-YBwXsvsFI8CVA4ej+bJF2d9uAeIiSkqKSPQNn0Wyh4eMDY4wxuSp71BauPjQNCKK2tD2/ksJ7uhJ8X/PVY9bHQ==",
      "os": ["linux"],
      "cpu": ["riscv64"]
    },
    "@rollup/rollup-linux-riscv64-musl@4.48.0": {
      "integrity": "sha512-FI3Rr2aGAtl1aHzbkBIamsQyuauYtTF9SDUJ8n2wMXuuxwchC3QkumZa1TEXYIv/1AUp1a25Kwy6ONArvnyeVQ==",
      "os": ["linux"],
      "cpu": ["riscv64"]
    },
    "@rollup/rollup-linux-s390x-gnu@4.48.0": {
      "integrity": "sha512-Dx7qH0/rvNNFmCcIRe1pyQ9/H0XO4v/f0SDoafwRYwc2J7bJZ5N4CHL/cdjamISZ5Cgnon6iazAVRFlxSoHQnQ==",
      "os": ["linux"],
      "cpu": ["s390x"]
    },
    "@rollup/rollup-linux-x64-gnu@4.48.0": {
      "integrity": "sha512-GUdZKTeKBq9WmEBzvFYuC88yk26vT66lQV8D5+9TgkfbewhLaTHRNATyzpQwwbHIfJvDJ3N9WJ90wK/uR3cy3Q==",
      "os": ["linux"],
      "cpu": ["x64"]
    },
    "@rollup/rollup-linux-x64-musl@4.48.0": {
      "integrity": "sha512-ao58Adz/v14MWpQgYAb4a4h3fdw73DrDGtaiF7Opds5wNyEQwtO6M9dBh89nke0yoZzzaegq6J/EXs7eBebG8A==",
      "os": ["linux"],
      "cpu": ["x64"]
    },
    "@rollup/rollup-win32-arm64-msvc@4.48.0": {
      "integrity": "sha512-kpFno46bHtjZVdRIOxqaGeiABiToo2J+st7Yce+aiAoo1H0xPi2keyQIP04n2JjDVuxBN6bSz9R6RdTK5hIppw==",
      "os": ["win32"],
      "cpu": ["arm64"]
    },
    "@rollup/rollup-win32-ia32-msvc@4.48.0": {
      "integrity": "sha512-rFYrk4lLk9YUTIeihnQMiwMr6gDhGGSbWThPEDfBoU/HdAtOzPXeexKi7yU8jO+LWRKnmqPN9NviHQf6GDwBcQ==",
      "os": ["win32"],
      "cpu": ["ia32"]
    },
    "@rollup/rollup-win32-x64-msvc@4.48.0": {
      "integrity": "sha512-sq0hHLTgdtwOPDB5SJOuaoHyiP1qSwg+71TQWk8iDS04bW1wIE0oQ6otPiRj2ZvLYNASLMaTp8QRGUVZ+5OL5A==",
      "os": ["win32"],
      "cpu": ["x64"]
    },
    "@skeletonlabs/skeleton-svelte@1.5.1_svelte@5.38.2__acorn@8.15.0": {
      "integrity": "sha512-XYvIy0CPYYIGUV6TjGpUrjSkTJcuWxGqT7aKK+zXuMjVUGqNLAWrHabITRgWHvAlQwlo5V10pKxwphrQeunqWA==",
      "dependencies": [
        "@zag-js/accordion",
        "@zag-js/avatar",
        "@zag-js/combobox",
        "@zag-js/dialog",
        "@zag-js/file-upload",
        "@zag-js/pagination",
        "@zag-js/popover",
        "@zag-js/progress",
        "@zag-js/radio-group",
        "@zag-js/rating-group",
        "@zag-js/slider",
        "@zag-js/svelte",
        "@zag-js/switch",
        "@zag-js/tabs",
        "@zag-js/tags-input",
        "@zag-js/toast",
        "@zag-js/tooltip",
        "svelte"
      ]
    },
    "@skeletonlabs/skeleton@3.2.0_tailwindcss@4.1.12": {
      "integrity": "sha512-pV1IXFr3uOfeS4ISHEvONGke25p2GRKVtbEtF11HPcM2P8UKBFyPaIT7bAmlVE1vdIlq5x77+F8b77+6LuvWWw==",
      "dependencies": [
        "tailwindcss"
      ]
    },
    "@standard-schema/spec@1.0.0": {
      "integrity": "sha512-m2bOd0f2RT9k8QJx1JN85cZYyH1RqFBdlwtkSlf4tBDYLCiiZnv1fIIwacK6cqwXavOydf0NPToMQgpKq+dVlA=="
    },
    "@sveltejs/acorn-typescript@1.0.5_acorn@8.15.0": {
      "integrity": "sha512-IwQk4yfwLdibDlrXVE04jTZYlLnwsTT2PIOQQGNLWfjavGifnk1JD1LcZjZaBTRcxZu2FfPfNLOE04DSu9lqtQ==",
      "dependencies": [
        "acorn"
      ]
    },
    "@sveltejs/adapter-auto@6.1.0_@sveltejs+kit@2.36.1__@sveltejs+vite-plugin-svelte@6.1.3___svelte@5.38.2____acorn@8.15.0___vite@7.1.3____picomatch@4.0.3__svelte@5.38.2___acorn@8.15.0__vite@7.1.3___picomatch@4.0.3__acorn@8.15.0_@sveltejs+vite-plugin-svelte@6.1.3__svelte@5.38.2___acorn@8.15.0__vite@7.1.3___picomatch@4.0.3_svelte@5.38.2__acorn@8.15.0_vite@7.1.3__picomatch@4.0.3": {
      "integrity": "sha512-shOuLI5D2s+0zTv2ab5M5PqfknXqWbKi+0UwB9yLTRIdzsK1R93JOO8jNhIYSHdW+IYXIYnLniu+JZqXs7h9Wg==",
      "dependencies": [
        "@sveltejs/kit"
      ]
    },
    "@sveltejs/kit@2.36.1_@sveltejs+vite-plugin-svelte@6.1.3__svelte@5.38.2___acorn@8.15.0__vite@7.1.3___picomatch@4.0.3_svelte@5.38.2__acorn@8.15.0_vite@7.1.3__picomatch@4.0.3_acorn@8.15.0": {
      "integrity": "sha512-dldNCtSIpaGxQMEfHaUxSPH/k3uU28pTZwtKzfkn8fqpOjWufKlMBeIL7FJ/s93dOrhEq41zaQYkXh+XTgEgVw==",
      "dependencies": [
        "@standard-schema/spec",
        "@sveltejs/acorn-typescript",
        "@sveltejs/vite-plugin-svelte",
        "@types/cookie",
        "acorn",
        "cookie",
        "devalue",
        "esm-env",
        "kleur",
        "magic-string",
        "mrmime",
        "sade",
        "set-cookie-parser",
        "sirv",
        "svelte",
        "vite"
      ],
      "bin": true
    },
    "@sveltejs/vite-plugin-svelte-inspector@5.0.1_@sveltejs+vite-plugin-svelte@6.1.3__svelte@5.38.2___acorn@8.15.0__vite@7.1.3___picomatch@4.0.3_svelte@5.38.2__acorn@8.15.0_vite@7.1.3__picomatch@4.0.3": {
      "integrity": "sha512-ubWshlMk4bc8mkwWbg6vNvCeT7lGQojE3ijDh3QTR6Zr/R+GXxsGbyH4PExEPpiFmqPhYiVSVmHBjUcVc1JIrA==",
      "dependencies": [
        "@sveltejs/vite-plugin-svelte",
        "debug",
        "svelte",
        "vite"
      ]
    },
    "@sveltejs/vite-plugin-svelte@6.1.3_svelte@5.38.2__acorn@8.15.0_vite@7.1.3__picomatch@4.0.3": {
      "integrity": "sha512-3pppgIeIZs6nrQLazzKcdnTJ2IWiui/UucEPXKyFG35TKaHQrfkWBnv6hyJcLxFuR90t+LaoecrqTs8rJKWfSQ==",
      "dependencies": [
        "@sveltejs/vite-plugin-svelte-inspector",
        "debug",
        "deepmerge",
        "kleur",
        "magic-string",
        "svelte",
        "vite",
        "vitefu"
      ]
    },
    "@tailwindcss/forms@0.5.10_tailwindcss@4.1.12": {
      "integrity": "sha512-utI1ONF6uf/pPNO68kmN1b8rEwNXv3czukalo8VtJH8ksIkZXr3Q3VYudZLkCsDd4Wku120uF02hYK25XGPorw==",
      "dependencies": [
        "mini-svg-data-uri",
        "tailwindcss"
      ]
    },
    "@tailwindcss/node@4.1.12": {
      "integrity": "sha512-3hm9brwvQkZFe++SBt+oLjo4OLDtkvlE8q2WalaD/7QWaeM7KEJbAiY/LJZUaCs7Xa8aUu4xy3uoyX4q54UVdQ==",
      "dependencies": [
        "@jridgewell/remapping",
        "enhanced-resolve",
        "jiti",
        "lightningcss",
        "magic-string",
        "source-map-js",
        "tailwindcss"
      ]
    },
    "@tailwindcss/oxide-android-arm64@4.1.12": {
      "integrity": "sha512-oNY5pq+1gc4T6QVTsZKwZaGpBb2N1H1fsc1GD4o7yinFySqIuRZ2E4NvGasWc6PhYJwGK2+5YT1f9Tp80zUQZQ==",
      "os": ["android"],
      "cpu": ["arm64"]
    },
    "@tailwindcss/oxide-darwin-arm64@4.1.12": {
      "integrity": "sha512-cq1qmq2HEtDV9HvZlTtrj671mCdGB93bVY6J29mwCyaMYCP/JaUBXxrQQQm7Qn33AXXASPUb2HFZlWiiHWFytw==",
      "os": ["darwin"],
      "cpu": ["arm64"]
    },
    "@tailwindcss/oxide-darwin-x64@4.1.12": {
      "integrity": "sha512-6UCsIeFUcBfpangqlXay9Ffty9XhFH1QuUFn0WV83W8lGdX8cD5/+2ONLluALJD5+yJ7k8mVtwy3zMZmzEfbLg==",
      "os": ["darwin"],
      "cpu": ["x64"]
    },
    "@tailwindcss/oxide-freebsd-x64@4.1.12": {
      "integrity": "sha512-JOH/f7j6+nYXIrHobRYCtoArJdMJh5zy5lr0FV0Qu47MID/vqJAY3r/OElPzx1C/wdT1uS7cPq+xdYYelny1ww==",
      "os": ["freebsd"],
      "cpu": ["x64"]
    },
    "@tailwindcss/oxide-linux-arm-gnueabihf@4.1.12": {
      "integrity": "sha512-v4Ghvi9AU1SYgGr3/j38PD8PEe6bRfTnNSUE3YCMIRrrNigCFtHZ2TCm8142X8fcSqHBZBceDx+JlFJEfNg5zQ==",
      "os": ["linux"],
      "cpu": ["arm"]
    },
    "@tailwindcss/oxide-linux-arm64-gnu@4.1.12": {
      "integrity": "sha512-YP5s1LmetL9UsvVAKusHSyPlzSRqYyRB0f+Kl/xcYQSPLEw/BvGfxzbH+ihUciePDjiXwHh+p+qbSP3SlJw+6g==",
      "os": ["linux"],
      "cpu": ["arm64"]
    },
    "@tailwindcss/oxide-linux-arm64-musl@4.1.12": {
      "integrity": "sha512-V8pAM3s8gsrXcCv6kCHSuwyb/gPsd863iT+v1PGXC4fSL/OJqsKhfK//v8P+w9ThKIoqNbEnsZqNy+WDnwQqCA==",
      "os": ["linux"],
      "cpu": ["arm64"]
    },
    "@tailwindcss/oxide-linux-x64-gnu@4.1.12": {
      "integrity": "sha512-xYfqYLjvm2UQ3TZggTGrwxjYaLB62b1Wiysw/YE3Yqbh86sOMoTn0feF98PonP7LtjsWOWcXEbGqDL7zv0uW8Q==",
      "os": ["linux"],
      "cpu": ["x64"]
    },
    "@tailwindcss/oxide-linux-x64-musl@4.1.12": {
      "integrity": "sha512-ha0pHPamN+fWZY7GCzz5rKunlv9L5R8kdh+YNvP5awe3LtuXb5nRi/H27GeL2U+TdhDOptU7T6Is7mdwh5Ar3A==",
      "os": ["linux"],
      "cpu": ["x64"]
    },
    "@tailwindcss/oxide-wasm32-wasi@4.1.12": {
      "integrity": "sha512-4tSyu3dW+ktzdEpuk6g49KdEangu3eCYoqPhWNsZgUhyegEda3M9rG0/j1GV/JjVVsj+lG7jWAyrTlLzd/WEBg==",
      "dependencies": [
        "@emnapi/core",
        "@emnapi/runtime",
        "@emnapi/wasi-threads",
        "@napi-rs/wasm-runtime",
        "@tybys/wasm-util",
        "tslib"
      ],
      "cpu": ["wasm32"]
    },
    "@tailwindcss/oxide-win32-arm64-msvc@4.1.12": {
      "integrity": "sha512-iGLyD/cVP724+FGtMWslhcFyg4xyYyM+5F4hGvKA7eifPkXHRAUDFaimu53fpNg9X8dfP75pXx/zFt/jlNF+lg==",
      "os": ["win32"],
      "cpu": ["arm64"]
    },
    "@tailwindcss/oxide-win32-x64-msvc@4.1.12": {
      "integrity": "sha512-NKIh5rzw6CpEodv/++r0hGLlfgT/gFN+5WNdZtvh6wpU2BpGNgdjvj6H2oFc8nCM839QM1YOhjpgbAONUb4IxA==",
      "os": ["win32"],
      "cpu": ["x64"]
    },
    "@tailwindcss/oxide@4.1.12": {
      "integrity": "sha512-gM5EoKHW/ukmlEtphNwaGx45fGoEmP10v51t9unv55voWh6WrOL19hfuIdo2FjxIaZzw776/BUQg7Pck++cIVw==",
      "dependencies": [
        "detect-libc",
        "tar"
      ],
      "optionalDependencies": [
        "@tailwindcss/oxide-android-arm64",
        "@tailwindcss/oxide-darwin-arm64",
        "@tailwindcss/oxide-darwin-x64",
        "@tailwindcss/oxide-freebsd-x64",
        "@tailwindcss/oxide-linux-arm-gnueabihf",
        "@tailwindcss/oxide-linux-arm64-gnu",
        "@tailwindcss/oxide-linux-arm64-musl",
        "@tailwindcss/oxide-linux-x64-gnu",
        "@tailwindcss/oxide-linux-x64-musl",
        "@tailwindcss/oxide-wasm32-wasi",
        "@tailwindcss/oxide-win32-arm64-msvc",
        "@tailwindcss/oxide-win32-x64-msvc"
      ],
      "scripts": true
    },
    "@tailwindcss/vite@4.1.12_vite@7.1.3__picomatch@4.0.3": {
      "integrity": "sha512-4pt0AMFDx7gzIrAOIYgYP0KCBuKWqyW8ayrdiLEjoJTT4pKTjrzG/e4uzWtTLDziC+66R9wbUqZBccJalSE5vQ==",
      "dependencies": [
        "@tailwindcss/node",
        "@tailwindcss/oxide",
        "tailwindcss",
        "vite"
      ]
    },
    "@tybys/wasm-util@0.10.0": {
      "integrity": "sha512-VyyPYFlOMNylG45GoAe0xDoLwWuowvf92F9kySqzYh8vmYm7D2u4iUJKa1tOUpS70Ku13ASrOkS4ScXFsTaCNQ==",
      "dependencies": [
        "tslib"
      ]
    },
    "@types/cookie@0.6.0": {
      "integrity": "sha512-4Kh9a6B2bQciAhf7FSuMRRkUWecJgJu9nPnx3yzpsfXX/c50REIqpHY4C82bXP90qrLtXtkDxTZosYO3UpOwlA=="
    },
    "@types/estree@1.0.8": {
      "integrity": "sha512-dWHzHa2WqEXI/O1E9OjrocMTKJl2mSrEolh1Iomrv6U+JuNwaHXsXx9bLu5gG7BUWFIN0skIQJQ/L1rIex4X6w=="
    },
    "@zag-js/accordion@1.21.8": {
      "integrity": "sha512-P0SfiGbdrCSw1/6+3vqvHFM3du1VPhqrRbRfMH5rNP+GtulsLqk/02VkmmlVRw6GLe+zZDolHZ7PQstUUxxeCQ==",
      "dependencies": [
        "@zag-js/anatomy",
        "@zag-js/core",
        "@zag-js/dom-query",
        "@zag-js/types",
        "@zag-js/utils"
      ]
    },
    "@zag-js/anatomy@1.21.8": {
      "integrity": "sha512-cXOtiKLV+z34hYlGLlJh4W3rqanV6Ulr6D2ulTMgycFCeNEZu0rTxGQe8Fgrz/vRHdep9/5JkGbDHp8tweOgFg=="
    },
    "@zag-js/aria-hidden@1.21.8": {
      "integrity": "sha512-y6CfSZF48MD7QhlPwufV4UzBxIpvi/ovzHFSwHItaT9/1KUH/3Uf0kHXLVtJGUfBuMofDVqxK0EwDi1LBndFQw=="
    },
    "@zag-js/auto-resize@1.21.8": {
      "integrity": "sha512-Cb94UyKtJVJdKvPRFHXu4aCcwvCopUWYa420APxYG9lIxTyrA9maxy4M/kBIFYc76YrTic5aKd6abg36ABnxBA==",
      "dependencies": [
        "@zag-js/dom-query"
      ]
    },
    "@zag-js/avatar@1.21.8": {
      "integrity": "sha512-MxxE8Wooz2srefGa/19uuzbWgz8cmhubUisuwVgDw/jAjW4LXSbImkZWMKPYLv8hys7sG0sUkwsUCXFX8I8WTQ==",
      "dependencies": [
        "@zag-js/anatomy",
        "@zag-js/core",
        "@zag-js/dom-query",
        "@zag-js/types",
        "@zag-js/utils"
      ]
    },
    "@zag-js/collection@1.21.8": {
      "integrity": "sha512-jQdFgd6K1jNaN5Lgcj3tTM6lVDNbuHp2I9VQos2TBGE8sFC0xYIAjSqOzoDNaFLqmzYA3TwUT0XDZHhL4GtDTg==",
      "dependencies": [
        "@zag-js/utils"
      ]
    },
    "@zag-js/combobox@1.21.8": {
      "integrity": "sha512-BH0fmltcd/3BZuBfK34uKhfwnTVSIR1YzQnw4GIzyKWBLChP1yQx97h1Ll9IZzvuo/we97U1UjuIb+U9e5OGLw==",
      "dependencies": [
        "@zag-js/anatomy",
        "@zag-js/aria-hidden",
        "@zag-js/collection",
        "@zag-js/core",
        "@zag-js/dismissable",
        "@zag-js/dom-query",
        "@zag-js/popper",
        "@zag-js/types",
        "@zag-js/utils"
      ]
    },
    "@zag-js/core@1.21.8": {
      "integrity": "sha512-7X0q9AY59l+dfvbXAo59h+fF31V32jMIxdU2sI3OefwBKm42E/vnnxOOUGN6klcXiC4g60SUjWQaRO6ZZ0lIxw==",
      "dependencies": [
        "@zag-js/dom-query",
        "@zag-js/utils"
      ]
    },
    "@zag-js/dialog@1.21.8": {
      "integrity": "sha512-SoLof/wrq8ytzDpPcf91jtReXltYaYzW+XNfgg6rnZk12TWGUN4h6RHR2cbJ/myf5F/Ugop+XyZaIVCZ74mVZA==",
      "dependencies": [
        "@zag-js/anatomy",
        "@zag-js/aria-hidden",
        "@zag-js/core",
        "@zag-js/dismissable",
        "@zag-js/dom-query",
        "@zag-js/focus-trap",
        "@zag-js/remove-scroll",
        "@zag-js/types",
        "@zag-js/utils"
      ]
    },
    "@zag-js/dismissable@1.21.8": {
      "integrity": "sha512-x844RZL/spgHDEMI6amIGf1JXCwrUWIp/DygkG45/1f9qaW8p/wPNDOsVlVLwNhMxRyJvPkC6zXw8jA+rAcu7w==",
      "dependencies": [
        "@zag-js/dom-query",
        "@zag-js/interact-outside",
        "@zag-js/utils"
      ]
    },
    "@zag-js/dom-query@1.21.8": {
      "integrity": "sha512-1KY5g75v3WcASsf1bRx51JH5mVx0o4TxaAcgUre7yroEpjBLBOAIlDrWvGKSTMHVBPBoTeFe5DhImUfjME/A9g==",
      "dependencies": [
        "@zag-js/types"
      ]
    },
    "@zag-js/file-upload@1.21.8": {
      "integrity": "sha512-53mpt+TComnIG8d7m1YLgYQ9F744q6FOwAkEpnXlzb/mo7JlMR1ojTrMVjTs9Q5rjgeS6OV6LfGMbODhQLZ+Kg==",
      "dependencies": [
        "@zag-js/anatomy",
        "@zag-js/core",
        "@zag-js/dom-query",
        "@zag-js/file-utils",
        "@zag-js/i18n-utils",
        "@zag-js/types",
        "@zag-js/utils"
      ]
    },
    "@zag-js/file-utils@1.21.8": {
      "integrity": "sha512-RIi1p+UEo7J5ErylQpXOf2iq9BbTl7j3fEcPaiQawsZZLJJzvz/HqwP3a/He+iglauPKTN7VFxnH+Rn5iapuqw==",
      "dependencies": [
        "@zag-js/i18n-utils"
      ]
    },
    "@zag-js/focus-trap@1.21.8": {
      "integrity": "sha512-GVgEspPnAFqcHzH1EgHWUPOEq7R1rhVPhjSFwRG9Netu4U3Ukr06pbkrNsoDFUoCCQNsFlY7bTkeeXtdx8xLMA==",
      "dependencies": [
        "@zag-js/dom-query"
      ]
    },
    "@zag-js/focus-visible@1.21.8": {
      "integrity": "sha512-b+AKW3fPzobnHGto1ETGwHD3jJKIPq4Asg1BDIJNIKnr+xzkF0DInHwrUalT9rJs0sswzV9ZmopUiKGqTzEeyQ==",
      "dependencies": [
        "@zag-js/dom-query"
      ]
    },
    "@zag-js/i18n-utils@1.21.8": {
      "integrity": "sha512-0u0nxfp4widXUhzfz5bf0qKq14w/sTyXj9zrC9LNVnUcA6PfuDqAxd/kHtt9dJWOWmFvU1Vko0KRXF2XNO7oSA==",
      "dependencies": [
        "@zag-js/dom-query"
      ]
    },
    "@zag-js/interact-outside@1.21.8": {
      "integrity": "sha512-ks/9HfTIgNf/UabSjLbIrGMPkI5OXQSPpk57r21QHf9biS4/OFRljF/n6NBNpFU5nDKO6F9eKDrkEaqgfx6AQg==",
      "dependencies": [
        "@zag-js/dom-query",
        "@zag-js/utils"
      ]
    },
    "@zag-js/live-region@1.21.8": {
      "integrity": "sha512-qMWkNvzoNfoHgBCbK/UPw1nSJNF1+m1+uYFocoB89deD5WfYNaL9FC7GBJaNPRI8qEvZlXbqaDUJX9Ytl5DyVQ=="
    },
    "@zag-js/pagination@1.21.8": {
      "integrity": "sha512-f2MgD0rlj7p5BxRG7wzI9hpZ2a+T71ffC5i2a7Zab9JbFJs5H5MxlzHTXqX457dwpdPffezcTC+X+vTa2KPiSA==",
      "dependencies": [
        "@zag-js/anatomy",
        "@zag-js/core",
        "@zag-js/dom-query",
        "@zag-js/types",
        "@zag-js/utils"
      ]
    },
    "@zag-js/popover@1.21.8": {
      "integrity": "sha512-R++cUDc9dyNAV793r+kbzsnuFcB8jeuMW/udi7/0NZ48HriD4vQEi382ix0LYS03mAs2NU/SjYh5sqvIcTKOtQ==",
      "dependencies": [
        "@zag-js/anatomy",
        "@zag-js/aria-hidden",
        "@zag-js/core",
        "@zag-js/dismissable",
        "@zag-js/dom-query",
        "@zag-js/focus-trap",
        "@zag-js/popper",
        "@zag-js/remove-scroll",
        "@zag-js/types",
        "@zag-js/utils"
      ]
    },
    "@zag-js/popper@1.21.8": {
      "integrity": "sha512-ZyRZxNUKyraeoCg/8mpxw7M0kMQpB4uwLPtpDL9exzuev3MDRQFuOeoUcamvS2na8F+Rt4EeX9IVdHDjXhw6tw==",
      "dependencies": [
        "@floating-ui/dom",
        "@zag-js/dom-query",
        "@zag-js/utils"
      ]
    },
    "@zag-js/progress@1.21.8": {
      "integrity": "sha512-XsxSlAqN0lS0etSY7zS5nEjnMcax8ILeA1k+R5o06b4CSX3uU6+p+CnC81UocpA/q1/feCjFcZSL+ngl75h1hw==",
      "dependencies": [
        "@zag-js/anatomy",
        "@zag-js/core",
        "@zag-js/dom-query",
        "@zag-js/types",
        "@zag-js/utils"
      ]
    },
    "@zag-js/radio-group@1.21.8": {
      "integrity": "sha512-Z4tawNDMj7JdgwKBVngSMTTMNumvLwnCUYnTjTlQX9k75RfrCMbEnPakvWLf/yeexwdGrzEH6Iwp16Fd7SANZg==",
      "dependencies": [
        "@zag-js/anatomy",
        "@zag-js/core",
        "@zag-js/dom-query",
        "@zag-js/focus-visible",
        "@zag-js/types",
        "@zag-js/utils"
      ]
    },
    "@zag-js/rating-group@1.21.8": {
      "integrity": "sha512-oqf5UPzpRlAM3Lh6HQRzeXXLFaDY+eGlAGoJESgSMKsWqgtvfPL9ieay0Sz1Fbjq/ml3RKa05lsbVLCrFNMChA==",
      "dependencies": [
        "@zag-js/anatomy",
        "@zag-js/core",
        "@zag-js/dom-query",
        "@zag-js/types",
        "@zag-js/utils"
      ]
    },
    "@zag-js/remove-scroll@1.21.8": {
      "integrity": "sha512-2lobN/Q1BDp/zCYclcRc94GJMXBtePzzD0m0eqtLBtQ/VFPYarqSQDoC2Ldc2Xc7/dUAKE0SY9t2HrS/qG+tnw==",
      "dependencies": [
        "@zag-js/dom-query"
      ]
    },
    "@zag-js/slider@1.21.8": {
      "integrity": "sha512-XorcWDbiDH4p4EXkAd4m2XRImA8Ooz66irEUmZiTL0WV1vNIG8YuJXTIoMgOhXEpbBIgtQq0sSZNdJzoUzDojg==",
      "dependencies": [
        "@zag-js/anatomy",
        "@zag-js/core",
        "@zag-js/dom-query",
        "@zag-js/types",
        "@zag-js/utils"
      ]
    },
    "@zag-js/store@1.21.8": {
      "integrity": "sha512-+P1FNg5KUZKsO3t4ivWV6sD4WDEkdzjYINyGfk9t3Brke9zHCR0lOc7xIo2uU7vESGvlUruVKUf1nBknn32wdQ==",
      "dependencies": [
        "proxy-compare"
      ]
    },
    "@zag-js/svelte@1.21.8_svelte@5.38.2__acorn@8.15.0": {
      "integrity": "sha512-+tPVY3kBXtMXhOIcszt+7OsIJ5muV8FBVZJ2RmBvgKU/rcbM5eBFVqOxaTVXEQd7iqE9z5FJVz54T+HpRGSbaQ==",
      "dependencies": [
        "@zag-js/core",
        "@zag-js/types",
        "@zag-js/utils",
        "svelte"
      ]
    },
    "@zag-js/switch@1.21.8": {
      "integrity": "sha512-mnB1+bGDweWqHtZ1PJQNdy8F8YSn+tHjKsK3s1w8Rbn/eBONNqIiJrrYjkr/6zwoLbpnTOmPcFsFC9CKLKt+2g==",
      "dependencies": [
        "@zag-js/anatomy",
        "@zag-js/core",
        "@zag-js/dom-query",
        "@zag-js/focus-visible",
        "@zag-js/types",
        "@zag-js/utils"
      ]
    },
    "@zag-js/tabs@1.21.8": {
      "integrity": "sha512-0+PhWHnB8po334DP4iGII+oK3mALphkA3hL2BKxcd5VVBZrsFPGvhcg7h0K2P05nUBOC0BMgXyHftGH7v8tw7Q==",
      "dependencies": [
        "@zag-js/anatomy",
        "@zag-js/core",
        "@zag-js/dom-query",
        "@zag-js/types",
        "@zag-js/utils"
      ]
    },
    "@zag-js/tags-input@1.21.8": {
      "integrity": "sha512-HbAqP7pnpcqnPqhYMrtG4I6MFBPDM6ANkoCtEyxvHVGo8zjp9miRGVC5hS1MQ8fllw2EpmCmu/6G4M3EhSYhow==",
      "dependencies": [
        "@zag-js/anatomy",
        "@zag-js/auto-resize",
        "@zag-js/core",
        "@zag-js/dom-query",
        "@zag-js/interact-outside",
        "@zag-js/live-region",
        "@zag-js/types",
        "@zag-js/utils"
      ]
    },
    "@zag-js/toast@1.21.8": {
      "integrity": "sha512-ii9JOq2S4ecX+0YtgOldMMZ5AD0sut/HK+XaifqVKhq9hiYxqeSiOGx6cgeifcso3kT/JnfWIw8btSZJe41/EQ==",
      "dependencies": [
        "@zag-js/anatomy",
        "@zag-js/core",
        "@zag-js/dismissable",
        "@zag-js/dom-query",
        "@zag-js/types",
        "@zag-js/utils"
      ]
    },
    "@zag-js/tooltip@1.21.8": {
      "integrity": "sha512-Sv1o6O4ZGqMzCNoSjeanRN0GVFKUeMMnIj8yO79mVlvisTdBgeK1WUaA4O2QMrmFMnm+H1wXaVjtiWDAcGNIIA==",
      "dependencies": [
        "@zag-js/anatomy",
        "@zag-js/core",
        "@zag-js/dom-query",
        "@zag-js/focus-visible",
        "@zag-js/popper",
        "@zag-js/store",
        "@zag-js/types",
        "@zag-js/utils"
      ]
    },
    "@zag-js/types@1.21.8": {
      "integrity": "sha512-ixshQCJkvRFodwUvM9HFFcT/OcLK4Eeku7IQupxDGNQnrBjxTd1TOJu3fwcqt5EMZivXoCB4tVN/wHouOlfx2w==",
      "dependencies": [
        "csstype"
      ]
    },
    "@zag-js/utils@1.21.8": {
      "integrity": "sha512-zQWY/LR880OORAWsHGBDRK6q38VnkMFefFj/ryhVGZVyvxyQGD2otFr7LNeIafLcSaDpwysPoo2jVJ2ZQ/Kdyg=="
    },
    "acorn@8.15.0": {
      "integrity": "sha512-NZyJarBfL7nWwIq+FDL6Zp/yHEhePMNnnJ0y3qfieCrmNvYct8uvtiV41UvlSe6apAfk0fY1FbWx+NwfmpvtTg==",
      "bin": true
    },
    "aria-query@5.3.2": {
      "integrity": "sha512-COROpnaoap1E2F000S62r6A60uHZnmlvomhfyT2DlTcrY1OrBKn2UhH7qn5wTC9zMvD0AY7csdPSNwKP+7WiQw=="
    },
    "autoprefixer@10.4.21_postcss@8.5.6": {
      "integrity": "sha512-O+A6LWV5LDHSJD3LjHYoNi4VLsj/Whi7k6zG12xTYaU4cQ8oxQGckXNX8cRHK5yOZ/ppVHe0ZBXGzSV9jXdVbQ==",
      "dependencies": [
        "browserslist",
        "caniuse-lite",
        "fraction.js",
        "normalize-range",
        "picocolors",
        "postcss",
        "postcss-value-parser"
      ],
      "bin": true
    },
    "axobject-query@4.1.0": {
      "integrity": "sha512-qIj0G9wZbMGNLjLmg1PT6v2mE9AH2zlnADJD/2tC6E00hgmhUOfEB6greHPAfLRSufHqROIUTkw6E+M3lH0PTQ=="
    },
    "browserslist@4.25.3": {
      "integrity": "sha512-cDGv1kkDI4/0e5yON9yM5G/0A5u8sf5TnmdX5C9qHzI9PPu++sQ9zjm1k9NiOrf3riY4OkK0zSGqfvJyJsgCBQ==",
      "dependencies": [
        "caniuse-lite",
        "electron-to-chromium",
        "node-releases",
        "update-browserslist-db"
      ],
      "bin": true
    },
    "caniuse-lite@1.0.30001737": {
      "integrity": "sha512-BiloLiXtQNrY5UyF0+1nSJLXUENuhka2pzy2Fx5pGxqavdrxSCW4U6Pn/PoG3Efspi2frRbHpBV2XsrPE6EDlw=="
    },
    "chownr@3.0.0": {
      "integrity": "sha512-+IxzY9BZOQd/XuYPRmrvEVjF/nqj5kgT4kEq7VofrDoM1MxoRjEWkrCC3EtLi59TVawxTAn+orJwFQcrqEN1+g=="
    },
    "clsx@2.1.1": {
      "integrity": "sha512-eYm0QWBtUrBWZWG0d386OGAw16Z995PiOVo2B7bjWSbHedGl5e0ZWaq65kOGgUSNesEIDkB9ISbTg/JK9dhCZA=="
    },
    "cookie@0.6.0": {
      "integrity": "sha512-U71cyTamuh1CRNCfpGY6to28lxvNwPG4Guz/EVjgf3Jmzv0vlDp1atT9eS5dDjMYHucpHbWns6Lwf3BKz6svdw=="
    },
    "csstype@3.1.3": {
      "integrity": "sha512-M1uQkMl8rQK/szD0LNhtqxIPLpimGm8sOBwU7lLnCpSbTyY3yeU1Vc7l4KT5zT4s/yOxHH5O7tIuuLOCnLADRw=="
    },
    "debug@4.4.1": {
      "integrity": "sha512-KcKCqiftBJcZr++7ykoDIEwSa3XWowTfNPo92BYxjXiyYEVrUQh2aLyhxBCwww+heortUFxEJYcRzosstTEBYQ==",
      "dependencies": [
        "ms"
      ]
    },
    "deepmerge@4.3.1": {
      "integrity": "sha512-3sUqbMEc77XqpdNO7FRyRog+eW3ph+GYCbj+rK+uYyRMuwsVy0rMiVtPn+QJlKFvWP/1PYpapqYn0Me2knFn+A=="
    },
    "detect-libc@2.0.4": {
      "integrity": "sha512-3UDv+G9CsCKO1WKMGw9fwq/SWJYbI0c5Y7LU1AXYoDdbhE2AHQ6N6Nb34sG8Fj7T5APy8qXDCKuuIHd1BR0tVA=="
    },
    "devalue@5.1.1": {
      "integrity": "sha512-maua5KUiapvEwiEAe+XnlZ3Rh0GD+qI1J/nb9vrJc3muPXvcF/8gXYTWF76+5DAqHyDUtOIImEuo0YKE9mshVw=="
    },
    "electron-to-chromium@1.5.208": {
      "integrity": "sha512-ozZyibehoe7tOhNaf16lKmljVf+3npZcJIEbJRVftVsmAg5TeA1mGS9dVCZzOwr2xT7xK15V0p7+GZqSPgkuPg=="
    },
    "enhanced-resolve@5.18.3": {
      "integrity": "sha512-d4lC8xfavMeBjzGr2vECC3fsGXziXZQyJxD868h2M/mBI3PwAuODxAkLkq5HYuvrPYcUtiLzsTo8U3PgX3Ocww==",
      "dependencies": [
        "graceful-fs",
        "tapable"
      ]
    },
    "esbuild@0.25.9": {
      "integrity": "sha512-CRbODhYyQx3qp7ZEwzxOk4JBqmD/seJrzPa/cGjY1VtIn5E09Oi9/dB4JwctnfZ8Q8iT7rioVv5k/FNT/uf54g==",
      "optionalDependencies": [
        "@esbuild/aix-ppc64",
        "@esbuild/android-arm",
        "@esbuild/android-arm64",
        "@esbuild/android-x64",
        "@esbuild/darwin-arm64",
        "@esbuild/darwin-x64",
        "@esbuild/freebsd-arm64",
        "@esbuild/freebsd-x64",
        "@esbuild/linux-arm",
        "@esbuild/linux-arm64",
        "@esbuild/linux-ia32",
        "@esbuild/linux-loong64",
        "@esbuild/linux-mips64el",
        "@esbuild/linux-ppc64",
        "@esbuild/linux-riscv64",
        "@esbuild/linux-s390x",
        "@esbuild/linux-x64",
        "@esbuild/netbsd-arm64",
        "@esbuild/netbsd-x64",
        "@esbuild/openbsd-arm64",
        "@esbuild/openbsd-x64",
        "@esbuild/openharmony-arm64",
        "@esbuild/sunos-x64",
        "@esbuild/win32-arm64",
        "@esbuild/win32-ia32",
        "@esbuild/win32-x64"
      ],
      "scripts": true,
      "bin": true
    },
    "escalade@3.2.0": {
      "integrity": "sha512-WUj2qlxaQtO4g6Pq5c29GTcWGDyd8itL8zTlipgECz3JesAiiOKotd8JU6otB3PACgG6xkJUyVhboMS+bje/jA=="
    },
    "esm-env@1.2.2": {
      "integrity": "sha512-Epxrv+Nr/CaL4ZcFGPJIYLWFom+YeV1DqMLHJoEd9SYRxNbaFruBwfEX/kkHUJf55j2+TUbmDcmuilbP1TmXHA=="
    },
    "esrap@2.1.0": {
      "integrity": "sha512-yzmPNpl7TBbMRC5Lj2JlJZNPml0tzqoqP5B1JXycNUwtqma9AKCO0M2wHrdgsHcy1WRW7S9rJknAMtByg3usgA==",
      "dependencies": [
        "@jridgewell/sourcemap-codec"
      ]
    },
    "fdir@6.5.0_picomatch@4.0.3": {
      "integrity": "sha512-tIbYtZbucOs0BRGqPJkshJUYdL+SDH7dVM8gjy+ERp3WAUjLEFJE+02kanyHtwjWOnwrKYBiwAmM0p4kLJAnXg==",
      "dependencies": [
        "picomatch"
      ],
      "optionalPeers": [
        "picomatch"
      ]
    },
    "fraction.js@4.3.7": {
      "integrity": "sha512-ZsDfxO51wGAXREY55a7la9LScWpwv9RxIrYABrlvOFBlH/ShPnrtsXeuUIfXKKOVicNxQ+o8JTbJvjS4M89yew=="
    },
    "fsevents@2.3.3": {
      "integrity": "sha512-5xoDfX+fL7faATnagmWPpbFtwh/R77WmMMqqHGS65C3vvB0YHrgF+B1YmZ3441tMj5n63k0212XNoJwzlhffQw==",
      "os": ["darwin"],
      "scripts": true
    },
    "graceful-fs@4.2.11": {
      "integrity": "sha512-RbJ5/jmFcNNCcDV5o9eTnBLJ/HszWV0P73bc+Ff4nS/rJj+YaS6IGyiOL0VoBYX+l1Wrl3k63h/KrH+nhJ0XvQ=="
    },
    "is-reference@3.0.3": {
      "integrity": "sha512-ixkJoqQvAP88E6wLydLGGqCJsrFUnqoH6HnaczB8XmDH1oaWU+xxdptvikTgaEhtZ53Ky6YXiBuUI2WXLMCwjw==",
      "dependencies": [
        "@types/estree"
      ]
    },
    "jiti@2.5.1": {
      "integrity": "sha512-twQoecYPiVA5K/h6SxtORw/Bs3ar+mLUtoPSc7iMXzQzK8d7eJ/R09wmTwAjiamETn1cXYPGfNnu7DMoHgu12w==",
      "bin": true
    },
    "jose@6.1.0": {
      "integrity": "sha512-TTQJyoEoKcC1lscpVDCSsVgYzUDg/0Bt3WE//WiTPK6uOCQC2KZS4MpugbMWt/zyjkopgZoXhZuCi00gLudfUA=="
    },
    "kleur@4.1.5": {
      "integrity": "sha512-o+NO+8WrRiQEE4/7nwRJhN1HWpVmJm511pBHUxPLtp0BUISzlBplORYSmTclCnJvQq2tKu/sgl3xVpkc7ZWuQQ=="
    },
    "lightningcss-darwin-arm64@1.30.1": {
      "integrity": "sha512-c8JK7hyE65X1MHMN+Viq9n11RRC7hgin3HhYKhrMyaXflk5GVplZ60IxyoVtzILeKr+xAJwg6zK6sjTBJ0FKYQ==",
      "os": ["darwin"],
      "cpu": ["arm64"]
    },
    "lightningcss-darwin-x64@1.30.1": {
      "integrity": "sha512-k1EvjakfumAQoTfcXUcHQZhSpLlkAuEkdMBsI/ivWw9hL+7FtilQc0Cy3hrx0AAQrVtQAbMI7YjCgYgvn37PzA==",
      "os": ["darwin"],
      "cpu": ["x64"]
    },
    "lightningcss-freebsd-x64@1.30.1": {
      "integrity": "sha512-kmW6UGCGg2PcyUE59K5r0kWfKPAVy4SltVeut+umLCFoJ53RdCUWxcRDzO1eTaxf/7Q2H7LTquFHPL5R+Gjyig==",
      "os": ["freebsd"],
      "cpu": ["x64"]
    },
    "lightningcss-linux-arm-gnueabihf@1.30.1": {
      "integrity": "sha512-MjxUShl1v8pit+6D/zSPq9S9dQ2NPFSQwGvxBCYaBYLPlCWuPh9/t1MRS8iUaR8i+a6w7aps+B4N0S1TYP/R+Q==",
      "os": ["linux"],
      "cpu": ["arm"]
    },
    "lightningcss-linux-arm64-gnu@1.30.1": {
      "integrity": "sha512-gB72maP8rmrKsnKYy8XUuXi/4OctJiuQjcuqWNlJQ6jZiWqtPvqFziskH3hnajfvKB27ynbVCucKSm2rkQp4Bw==",
      "os": ["linux"],
      "cpu": ["arm64"]
    },
    "lightningcss-linux-arm64-musl@1.30.1": {
      "integrity": "sha512-jmUQVx4331m6LIX+0wUhBbmMX7TCfjF5FoOH6SD1CttzuYlGNVpA7QnrmLxrsub43ClTINfGSYyHe2HWeLl5CQ==",
      "os": ["linux"],
      "cpu": ["arm64"]
    },
    "lightningcss-linux-x64-gnu@1.30.1": {
      "integrity": "sha512-piWx3z4wN8J8z3+O5kO74+yr6ze/dKmPnI7vLqfSqI8bccaTGY5xiSGVIJBDd5K5BHlvVLpUB3S2YCfelyJ1bw==",
      "os": ["linux"],
      "cpu": ["x64"]
    },
    "lightningcss-linux-x64-musl@1.30.1": {
      "integrity": "sha512-rRomAK7eIkL+tHY0YPxbc5Dra2gXlI63HL+v1Pdi1a3sC+tJTcFrHX+E86sulgAXeI7rSzDYhPSeHHjqFhqfeQ==",
      "os": ["linux"],
      "cpu": ["x64"]
    },
    "lightningcss-win32-arm64-msvc@1.30.1": {
      "integrity": "sha512-mSL4rqPi4iXq5YVqzSsJgMVFENoa4nGTT/GjO2c0Yl9OuQfPsIfncvLrEW6RbbB24WtZ3xP/2CCmI3tNkNV4oA==",
      "os": ["win32"],
      "cpu": ["arm64"]
    },
    "lightningcss-win32-x64-msvc@1.30.1": {
      "integrity": "sha512-PVqXh48wh4T53F/1CCu8PIPCxLzWyCnn/9T5W1Jpmdy5h9Cwd+0YQS6/LwhHXSafuc61/xg9Lv5OrCby6a++jg==",
      "os": ["win32"],
      "cpu": ["x64"]
    },
    "lightningcss@1.30.1": {
      "integrity": "sha512-xi6IyHML+c9+Q3W0S4fCQJOym42pyurFiJUHEcEyHS0CeKzia4yZDEsLlqOFykxOdHpNy0NmvVO31vcSqAxJCg==",
      "dependencies": [
        "detect-libc"
      ],
      "optionalDependencies": [
        "lightningcss-darwin-arm64",
        "lightningcss-darwin-x64",
        "lightningcss-freebsd-x64",
        "lightningcss-linux-arm-gnueabihf",
        "lightningcss-linux-arm64-gnu",
        "lightningcss-linux-arm64-musl",
        "lightningcss-linux-x64-gnu",
        "lightningcss-linux-x64-musl",
        "lightningcss-win32-arm64-msvc",
        "lightningcss-win32-x64-msvc"
      ]
    },
    "locate-character@3.0.0": {
      "integrity": "sha512-SW13ws7BjaeJ6p7Q6CO2nchbYEc3X3J6WrmTTDto7yMPqVSZTUyY5Tjbid+Ab8gLnATtygYtiDIJGQRRn2ZOiA=="
    },
    "magic-string@0.30.18": {
      "integrity": "sha512-yi8swmWbO17qHhwIBNeeZxTceJMeBvWJaId6dyvTSOwTipqeHhMhOrz6513r1sOKnpvQ7zkhlG8tPrpilwTxHQ==",
      "dependencies": [
        "@jridgewell/sourcemap-codec"
      ]
    },
    "mini-svg-data-uri@1.4.4": {
      "integrity": "sha512-r9deDe9p5FJUPZAk3A59wGH7Ii9YrjjWw0jmw/liSbHl2CHiyXj6FcDXDu2K3TjVAXqiJdaw3xxwlZZr9E6nHg==",
      "bin": true
    },
    "minipass@7.1.2": {
      "integrity": "sha512-qOOzS1cBTWYF4BH8fVePDBOO9iptMnGUEZwNc/cMWnTV2nVLZ7VoNWEPHkYczZA0pdoA7dl6e7FL659nX9S2aw=="
    },
    "minizlib@3.0.2": {
      "integrity": "sha512-oG62iEk+CYt5Xj2YqI5Xi9xWUeZhDI8jjQmC5oThVH5JGCTgIjr7ciJDzC7MBzYd//WvR1OTmP5Q38Q8ShQtVA==",
      "dependencies": [
        "minipass"
      ]
    },
    "mkdirp@3.0.1": {
      "integrity": "sha512-+NsyUUAZDmo6YVHzL/stxSu3t9YS1iljliy3BSDrXJ/dkn1KYdmtZODGGjLcc9XLgVVpH4KshHB8XmZgMhaBXg==",
      "bin": true
    },
    "mri@1.2.0": {
      "integrity": "sha512-tzzskb3bG8LvYGFF/mDTpq3jpI6Q9wc3LEmBaghu+DdCssd1FakN7Bc0hVNmEyGq1bq3RgfkCb3cmQLpNPOroA=="
    },
    "mrmime@2.0.1": {
      "integrity": "sha512-Y3wQdFg2Va6etvQ5I82yUhGdsKrcYox6p7FfL1LbK2J4V01F9TGlepTIhnK24t7koZibmg82KGglhA1XK5IsLQ=="
    },
    "ms@2.1.3": {
      "integrity": "sha512-6FlzubTLZG3J2a/NVCAleEhjzq5oxgHyaCU9yYXvcLsvoVaHJq/s5xXI6/XXP6tz7R9xAOtHnSO/tXtF3WRTlA=="
    },
    "nanoid@3.3.11": {
      "integrity": "sha512-N8SpfPUnUp1bK+PMYW8qSWdl9U+wwNWI4QKxOYDy9JAro3WMX7p2OeVRF9v+347pnakNevPmiHhNmZ2HbFA76w==",
      "bin": true
    },
    "node-releases@2.0.19": {
      "integrity": "sha512-xxOWJsBKtzAq7DY0J+DTzuz58K8e7sJbdgwkbMWQe8UYB6ekmsQ45q0M/tJDsGaZmbC+l7n57UV8Hl5tHxO9uw=="
    },
    "normalize-range@0.1.2": {
      "integrity": "sha512-bdok/XvKII3nUpklnV6P2hxtMNrCboOjAcyBuQnWEhO665FwrSNRxU+AqpsyvO6LgGYPspN+lu5CLtw4jPRKNA=="
    },
    "picocolors@1.1.1": {
      "integrity": "sha512-xceH2snhtb5M9liqDsmEw56le376mTZkEX/jEb/RxNFyegNul7eNslCXP9FDj/Lcu0X8KEyMceP2ntpaHrDEVA=="
    },
    "picomatch@4.0.3": {
      "integrity": "sha512-5gTmgEY/sqK6gFXLIsQNH19lWb4ebPDLA4SdLP7dsWkIXHWlG66oPuVvXSGFPppYZz8ZDZq0dYYrbHfBCVUb1Q=="
    },
    "postcss-value-parser@4.2.0": {
      "integrity": "sha512-1NNCs6uurfkVbeXG4S8JFT9t19m45ICnif8zWLd5oPSZ50QnwMfK+H3jv408d4jw/7Bttv5axS5IiHoLaVNHeQ=="
    },
    "postcss@8.5.6": {
      "integrity": "sha512-3Ybi1tAuwAP9s0r1UQ2J4n5Y0G05bJkpUIO0/bI9MhwmD70S5aTWbXGBwxHrelT+XM1k6dM0pk+SwNkpTRN7Pg==",
      "dependencies": [
        "nanoid",
        "picocolors",
        "source-map-js"
      ]
    },
    "proxy-compare@3.0.1": {
      "integrity": "sha512-V9plBAt3qjMlS1+nC8771KNf6oJ12gExvaxnNzN/9yVRLdTv/lc+oJlnSzrdYDAvBfTStPCoiaCOTmTs0adv7Q=="
    },
    "rollup@4.48.0": {
      "integrity": "sha512-BXHRqK1vyt9XVSEHZ9y7xdYtuYbwVod2mLwOMFP7t/Eqoc1pHRlG/WdV2qNeNvZHRQdLedaFycljaYYM96RqJQ==",
      "dependencies": [
        "@types/estree"
      ],
      "optionalDependencies": [
        "@rollup/rollup-android-arm-eabi",
        "@rollup/rollup-android-arm64",
        "@rollup/rollup-darwin-arm64",
        "@rollup/rollup-darwin-x64",
        "@rollup/rollup-freebsd-arm64",
        "@rollup/rollup-freebsd-x64",
        "@rollup/rollup-linux-arm-gnueabihf",
        "@rollup/rollup-linux-arm-musleabihf",
        "@rollup/rollup-linux-arm64-gnu",
        "@rollup/rollup-linux-arm64-musl",
        "@rollup/rollup-linux-loongarch64-gnu",
        "@rollup/rollup-linux-ppc64-gnu",
        "@rollup/rollup-linux-riscv64-gnu",
        "@rollup/rollup-linux-riscv64-musl",
        "@rollup/rollup-linux-s390x-gnu",
        "@rollup/rollup-linux-x64-gnu",
        "@rollup/rollup-linux-x64-musl",
        "@rollup/rollup-win32-arm64-msvc",
        "@rollup/rollup-win32-ia32-msvc",
        "@rollup/rollup-win32-x64-msvc",
        "fsevents"
      ],
      "bin": true
    },
    "sade@1.8.1": {
      "integrity": "sha512-xal3CZX1Xlo/k4ApwCFrHVACi9fBqJ7V+mwhBsuf/1IOKbBy098Fex+Wa/5QMubw09pSZ/u8EY8PWgevJsXp1A==",
      "dependencies": [
        "mri"
      ]
    },
    "set-cookie-parser@2.7.1": {
      "integrity": "sha512-IOc8uWeOZgnb3ptbCURJWNjWUPcO3ZnTTdzsurqERrP6nPyv+paC55vJM0LpOlT2ne+Ix+9+CRG1MNLlyZ4GjQ=="
    },
    "sirv@3.0.1": {
      "integrity": "sha512-FoqMu0NCGBLCcAkS1qA+XJIQTR6/JHfQXl+uGteNCQ76T91DMUjPa9xfmeqMY3z80nLSg9yQmNjK0Px6RWsH/A==",
      "dependencies": [
        "@polka/url",
        "mrmime",
        "totalist"
      ]
    },
    "source-map-js@1.2.1": {
      "integrity": "sha512-UXWMKhLOwVKb728IUtQPXxfYU+usdybtUrK/8uGE8CQMvrhOpwvzDBwj0QhSL7MQc7vIsISBG8VQ8+IDQxpfQA=="
    },
    "svelte@5.38.2_acorn@8.15.0": {
      "integrity": "sha512-iAcp/oFAWauVSGILdD67n7DiwgLHXZzWZIdzl7araRxu72jUr7PFAo2Iie7gXt0IbnlYvhxCb9GT3ZJUquO3PA==",
      "dependencies": [
        "@jridgewell/remapping",
        "@jridgewell/sourcemap-codec",
        "@sveltejs/acorn-typescript",
        "@types/estree",
        "acorn",
        "aria-query",
        "axobject-query",
        "clsx",
        "esm-env",
        "esrap",
        "is-reference",
        "locate-character",
        "magic-string",
        "zimmerframe"
      ]
    },
    "tailwindcss@4.1.12": {
      "integrity": "sha512-DzFtxOi+7NsFf7DBtI3BJsynR+0Yp6etH+nRPTbpWnS2pZBaSksv/JGctNwSWzbFjp0vxSqknaUylseZqMDGrA=="
    },
    "tapable@2.2.3": {
      "integrity": "sha512-ZL6DDuAlRlLGghwcfmSn9sK3Hr6ArtyudlSAiCqQ6IfE+b+HHbydbYDIG15IfS5do+7XQQBdBiubF/cV2dnDzg=="
    },
    "tar@7.4.3": {
      "integrity": "sha512-5S7Va8hKfV7W5U6g3aYxXmlPoZVAwUMy9AOKyF2fVuZa2UD3qZjg578OrLRt8PcNN1PleVaL/5/yYATNL0ICUw==",
      "dependencies": [
        "@isaacs/fs-minipass",
        "chownr",
        "minipass",
        "minizlib",
        "mkdirp",
        "yallist"
      ]
    },
    "tinyglobby@0.2.14_picomatch@4.0.3": {
      "integrity": "sha512-tX5e7OM1HnYr2+a2C/4V0htOcSQcoSTH9KgJnVvNm5zm/cyEWKJ7j7YutsH9CxMdtOkkLFy2AHrMci9IM8IPZQ==",
      "dependencies": [
        "fdir",
        "picomatch"
      ]
    },
    "totalist@3.0.1": {
      "integrity": "sha512-sf4i37nQ2LBx4m3wB74y+ubopq6W/dIzXg0FDGjsYnZHVa1Da8FH853wlL2gtUhg+xJXjfk3kUZS3BRoQeoQBQ=="
    },
    "tslib@2.8.1": {
      "integrity": "sha512-oJFu94HQb+KVduSUQL7wnpmqnfmLsOA/nAh6b6EH0wCEoK0/mPeXU6c3wKDV83MkOuHPRHtSXKKU99IBazS/2w=="
    },
    "update-browserslist-db@1.1.3_browserslist@4.25.3": {
      "integrity": "sha512-UxhIZQ+QInVdunkDAaiazvvT/+fXL5Osr0JZlJulepYu6Jd7qJtDZjlur0emRlT71EN3ScPoE7gvsuIKKNavKw==",
      "dependencies": [
        "browserslist",
        "escalade",
        "picocolors"
      ],
      "bin": true
    },
    "vite@7.1.3_picomatch@4.0.3": {
      "integrity": "sha512-OOUi5zjkDxYrKhTV3V7iKsoS37VUM7v40+HuwEmcrsf11Cdx9y3DIr2Px6liIcZFwt3XSRpQvFpL3WVy7ApkGw==",
      "dependencies": [
        "esbuild",
        "fdir",
        "picomatch",
        "postcss",
        "rollup",
        "tinyglobby"
      ],
      "optionalDependencies": [
        "fsevents"
      ],
      "bin": true
    },
    "vitefu@1.1.1_vite@7.1.3__picomatch@4.0.3": {
      "integrity": "sha512-B/Fegf3i8zh0yFbpzZ21amWzHmuNlLlmJT6n7bu5e+pCHUKQIfXSYokrqOBGEMMe9UG2sostKQF9mml/vYaWJQ==",
      "dependencies": [
        "vite"
      ],
      "optionalPeers": [
        "vite"
      ]
    },
    "yallist@5.0.0": {
      "integrity": "sha512-YgvUTfwqyc7UXVMrB+SImsVYSmTS8X/tSrtdNZMImM+n7+QTriRXyXim0mBrTXNeqzVF0KWGgHPeiyViFFrNDw=="
    },
    "zimmerframe@1.1.2": {
      "integrity": "sha512-rAbqEGa8ovJy4pyBxZM70hg4pE6gDgaQ0Sl9M3enG3I0d6H4XSAM3GeNGLKnsBpuijUow064sf7ww1nutC5/3w=="
    }
  },
  "workspace": {
    "packageJson": {
      "dependencies": [
        "npm:@skeletonlabs/skeleton-svelte@^1.5.1",
        "npm:@skeletonlabs/skeleton@^3.0.0-next.13",
        "npm:@sveltejs/adapter-auto@6",
        "npm:@sveltejs/kit@^2.22.0",
        "npm:@sveltejs/vite-plugin-svelte@6",
        "npm:@tailwindcss/forms@~0.5.10",
        "npm:@tailwindcss/vite@^4.1.12",
        "npm:autoprefixer@^10.4.21",
        "npm:jose@^6.1.0",
        "npm:postcss@^8.5.6",
        "npm:svelte@5",
        "npm:tailwindcss@^4.1.12",
        "npm:vite@^7.0.4"
      ]
    }
  }
}
